// !$*UTF8*$!
{
	archiveVersion = 1;
	classes = {
	};
	objectVersion = 55;
	objects = {

/* Begin PBXBuildFile section */
		DF030DBE29EAFFDE006E9977 /* RequestFactory.swift in Sources */ = {isa = PBXBuildFile; fileRef = DF030DBD29EAFFDE006E9977 /* RequestFactory.swift */; };
		DF030DC029EAFFFD006E9977 /* ApiClient.swift in Sources */ = {isa = PBXBuildFile; fileRef = DF030DBF29EAFFFD006E9977 /* ApiClient.swift */; };
		DF030DC329EB00D5006E9977 /* Alamofire.xcframework in Frameworks */ = {isa = PBXBuildFile; fileRef = DF030DC229EB00D5006E9977 /* Alamofire.xcframework */; };
		DF030DC429EB00D5006E9977 /* Alamofire.xcframework in Embed Frameworks */ = {isa = PBXBuildFile; fileRef = DF030DC229EB00D5006E9977 /* Alamofire.xcframework */; settings = {ATTRIBUTES = (CodeSignOnCopy, RemoveHeadersOnCopy, ); }; };
		DF030DC729EB00F8006E9977 /* SVProgressHUD.xcframework in Frameworks */ = {isa = PBXBuildFile; fileRef = DF030DC629EB00F8006E9977 /* SVProgressHUD.xcframework */; };
		DF030DC929EB01D3006E9977 /* NetworkError.swift in Sources */ = {isa = PBXBuildFile; fileRef = DF030DC829EB01D3006E9977 /* NetworkError.swift */; };
		DF030DCE29EB0247006E9977 /* Constants.swift in Sources */ = {isa = PBXBuildFile; fileRef = DF030DCD29EB0247006E9977 /* Constants.swift */; };
		DF030DD129EB0336006E9977 /* Product.swift in Sources */ = {isa = PBXBuildFile; fileRef = DF030DD029EB0336006E9977 /* Product.swift */; };
		DF030DD429EB077F006E9977 /* ProductRouter.swift in Sources */ = {isa = PBXBuildFile; fileRef = DF030DD329EB077F006E9977 /* ProductRouter.swift */; };
		DF030DD629EB09A4006E9977 /* ProductManager.swift in Sources */ = {isa = PBXBuildFile; fileRef = DF030DD529EB09A4006E9977 /* ProductManager.swift */; };
		DF030DD829EB0F9C006E9977 /* QueryResponse.swift in Sources */ = {isa = PBXBuildFile; fileRef = DF030DD729EB0F9C006E9977 /* QueryResponse.swift */; };
		DF7DEE7229EAF8C100813C32 /* AppDelegate.swift in Sources */ = {isa = PBXBuildFile; fileRef = DF7DEE7129EAF8C100813C32 /* AppDelegate.swift */; };
		DF7DEE7429EAF8C100813C32 /* SceneDelegate.swift in Sources */ = {isa = PBXBuildFile; fileRef = DF7DEE7329EAF8C100813C32 /* SceneDelegate.swift */; };
		DF7DEE7629EAF8C100813C32 /* ViewController.swift in Sources */ = {isa = PBXBuildFile; fileRef = DF7DEE7529EAF8C100813C32 /* ViewController.swift */; };
		DF7DEE7929EAF8C100813C32 /* Main.storyboard in Resources */ = {isa = PBXBuildFile; fileRef = DF7DEE7729EAF8C100813C32 /* Main.storyboard */; };
		DF7DEE7B29EAF8C400813C32 /* Assets.xcassets in Resources */ = {isa = PBXBuildFile; fileRef = DF7DEE7A29EAF8C400813C32 /* Assets.xcassets */; };
		DF7DEE7E29EAF8C400813C32 /* LaunchScreen.storyboard in Resources */ = {isa = PBXBuildFile; fileRef = DF7DEE7C29EAF8C400813C32 /* LaunchScreen.storyboard */; };
		DF7DEE8929EAF8C400813C32 /* MeliChallengeTests.swift in Sources */ = {isa = PBXBuildFile; fileRef = DF7DEE8829EAF8C400813C32 /* MeliChallengeTests.swift */; };
		DF7DEE9329EAF8C400813C32 /* MeliChallengeUITests.swift in Sources */ = {isa = PBXBuildFile; fileRef = DF7DEE9229EAF8C400813C32 /* MeliChallengeUITests.swift */; };
		DF7DEE9529EAF8C400813C32 /* MeliChallengeUITestsLaunchTests.swift in Sources */ = {isa = PBXBuildFile; fileRef = DF7DEE9429EAF8C400813C32 /* MeliChallengeUITestsLaunchTests.swift */; };
/* End PBXBuildFile section */

/* Begin PBXContainerItemProxy section */
		DF7DEE8529EAF8C400813C32 /* PBXContainerItemProxy */ = {
			isa = PBXContainerItemProxy;
			containerPortal = DF7DEE6629EAF8C100813C32 /* Project object */;
			proxyType = 1;
			remoteGlobalIDString = DF7DEE6D29EAF8C100813C32;
			remoteInfo = MeliChallenge;
		};
		DF7DEE8F29EAF8C400813C32 /* PBXContainerItemProxy */ = {
			isa = PBXContainerItemProxy;
			containerPortal = DF7DEE6629EAF8C100813C32 /* Project object */;
			proxyType = 1;
			remoteGlobalIDString = DF7DEE6D29EAF8C100813C32;
			remoteInfo = MeliChallenge;
		};
/* End PBXContainerItemProxy section */

/* Begin PBXCopyFilesBuildPhase section */
		DF030DC529EB00D5006E9977 /* Embed Frameworks */ = {
			isa = PBXCopyFilesBuildPhase;
			buildActionMask = 2147483647;
			dstPath = "";
			dstSubfolderSpec = 10;
			files = (
				DF030DC429EB00D5006E9977 /* Alamofire.xcframework in Embed Frameworks */,
			);
			name = "Embed Frameworks";
			runOnlyForDeploymentPostprocessing = 0;
		};
/* End PBXCopyFilesBuildPhase section */

/* Begin PBXFileReference section */
		DF030DBD29EAFFDE006E9977 /* RequestFactory.swift */ = {isa = PBXFileReference; lastKnownFileType = sourcecode.swift; path = RequestFactory.swift; sourceTree = "<group>"; };
		DF030DBF29EAFFFD006E9977 /* ApiClient.swift */ = {isa = PBXFileReference; lastKnownFileType = sourcecode.swift; path = ApiClient.swift; sourceTree = "<group>"; };
		DF030DC229EB00D5006E9977 /* Alamofire.xcframework */ = {isa = PBXFileReference; lastKnownFileType = wrapper.xcframework; name = Alamofire.xcframework; path = Carthage/Build/Alamofire.xcframework; sourceTree = "<group>"; };
		DF030DC629EB00F8006E9977 /* SVProgressHUD.xcframework */ = {isa = PBXFileReference; lastKnownFileType = wrapper.xcframework; name = SVProgressHUD.xcframework; path = Carthage/Build/SVProgressHUD.xcframework; sourceTree = "<group>"; };
		DF030DC829EB01D3006E9977 /* NetworkError.swift */ = {isa = PBXFileReference; lastKnownFileType = sourcecode.swift; path = NetworkError.swift; sourceTree = "<group>"; };
		DF030DCD29EB0247006E9977 /* Constants.swift */ = {isa = PBXFileReference; lastKnownFileType = sourcecode.swift; path = Constants.swift; sourceTree = "<group>"; };
		DF030DD029EB0336006E9977 /* Product.swift */ = {isa = PBXFileReference; lastKnownFileType = sourcecode.swift; path = Product.swift; sourceTree = "<group>"; };
		DF030DD329EB077F006E9977 /* ProductRouter.swift */ = {isa = PBXFileReference; lastKnownFileType = sourcecode.swift; path = ProductRouter.swift; sourceTree = "<group>"; };
		DF030DD529EB09A4006E9977 /* ProductManager.swift */ = {isa = PBXFileReference; lastKnownFileType = sourcecode.swift; path = ProductManager.swift; sourceTree = "<group>"; };
		DF030DD729EB0F9C006E9977 /* QueryResponse.swift */ = {isa = PBXFileReference; lastKnownFileType = sourcecode.swift; path = QueryResponse.swift; sourceTree = "<group>"; };
		DF7DEE6E29EAF8C100813C32 /* MeliChallenge.app */ = {isa = PBXFileReference; explicitFileType = wrapper.application; includeInIndex = 0; path = MeliChallenge.app; sourceTree = BUILT_PRODUCTS_DIR; };
		DF7DEE7129EAF8C100813C32 /* AppDelegate.swift */ = {isa = PBXFileReference; lastKnownFileType = sourcecode.swift; path = AppDelegate.swift; sourceTree = "<group>"; };
		DF7DEE7329EAF8C100813C32 /* SceneDelegate.swift */ = {isa = PBXFileReference; lastKnownFileType = sourcecode.swift; path = SceneDelegate.swift; sourceTree = "<group>"; };
		DF7DEE7529EAF8C100813C32 /* ViewController.swift */ = {isa = PBXFileReference; lastKnownFileType = sourcecode.swift; path = ViewController.swift; sourceTree = "<group>"; };
		DF7DEE7829EAF8C100813C32 /* Base */ = {isa = PBXFileReference; lastKnownFileType = file.storyboard; name = Base; path = Base.lproj/Main.storyboard; sourceTree = "<group>"; };
		DF7DEE7A29EAF8C400813C32 /* Assets.xcassets */ = {isa = PBXFileReference; lastKnownFileType = folder.assetcatalog; path = Assets.xcassets; sourceTree = "<group>"; };
		DF7DEE7D29EAF8C400813C32 /* Base */ = {isa = PBXFileReference; lastKnownFileType = file.storyboard; name = Base; path = Base.lproj/LaunchScreen.storyboard; sourceTree = "<group>"; };
		DF7DEE7F29EAF8C400813C32 /* Info.plist */ = {isa = PBXFileReference; lastKnownFileType = text.plist.xml; path = Info.plist; sourceTree = "<group>"; };
		DF7DEE8429EAF8C400813C32 /* MeliChallengeTests.xctest */ = {isa = PBXFileReference; explicitFileType = wrapper.cfbundle; includeInIndex = 0; path = MeliChallengeTests.xctest; sourceTree = BUILT_PRODUCTS_DIR; };
		DF7DEE8829EAF8C400813C32 /* MeliChallengeTests.swift */ = {isa = PBXFileReference; lastKnownFileType = sourcecode.swift; path = MeliChallengeTests.swift; sourceTree = "<group>"; };
		DF7DEE8E29EAF8C400813C32 /* MeliChallengeUITests.xctest */ = {isa = PBXFileReference; explicitFileType = wrapper.cfbundle; includeInIndex = 0; path = MeliChallengeUITests.xctest; sourceTree = BUILT_PRODUCTS_DIR; };
		DF7DEE9229EAF8C400813C32 /* MeliChallengeUITests.swift */ = {isa = PBXFileReference; lastKnownFileType = sourcecode.swift; path = MeliChallengeUITests.swift; sourceTree = "<group>"; };
		DF7DEE9429EAF8C400813C32 /* MeliChallengeUITestsLaunchTests.swift */ = {isa = PBXFileReference; lastKnownFileType = sourcecode.swift; path = MeliChallengeUITestsLaunchTests.swift; sourceTree = "<group>"; };
/* End PBXFileReference section */

/* Begin PBXFrameworksBuildPhase section */
		DF7DEE6B29EAF8C100813C32 /* Frameworks */ = {
			isa = PBXFrameworksBuildPhase;
			buildActionMask = 2147483647;
			files = (
				DF030DC329EB00D5006E9977 /* Alamofire.xcframework in Frameworks */,
				DF030DC729EB00F8006E9977 /* SVProgressHUD.xcframework in Frameworks */,
			);
			runOnlyForDeploymentPostprocessing = 0;
		};
		DF7DEE8129EAF8C400813C32 /* Frameworks */ = {
			isa = PBXFrameworksBuildPhase;
			buildActionMask = 2147483647;
			files = (
			);
			runOnlyForDeploymentPostprocessing = 0;
		};
		DF7DEE8B29EAF8C400813C32 /* Frameworks */ = {
			isa = PBXFrameworksBuildPhase;
			buildActionMask = 2147483647;
			files = (
			);
			runOnlyForDeploymentPostprocessing = 0;
		};
/* End PBXFrameworksBuildPhase section */

/* Begin PBXGroup section */
		DF030DB929EAFC5F006E9977 /* Business Logic */ = {
			isa = PBXGroup;
			children = (
				DF030DD529EB09A4006E9977 /* ProductManager.swift */,
			);
			path = "Business Logic";
			sourceTree = "<group>";
		};
		DF030DBA29EAFC69006E9977 /* Data Access */ = {
			isa = PBXGroup;
			children = (
				DF030DCF29EB0321006E9977 /* Models */,
				DF030DBC29EAFC7E006E9977 /* Network */,
			);
			path = "Data Access";
			sourceTree = "<group>";
		};
		DF030DBB29EAFC71006E9977 /* User Interface */ = {
			isa = PBXGroup;
			children = (
				DF7DEE7C29EAF8C400813C32 /* LaunchScreen.storyboard */,
				DF7DEE7729EAF8C100813C32 /* Main.storyboard */,
				DF7DEE7529EAF8C100813C32 /* ViewController.swift */,
			);
			path = "User Interface";
			sourceTree = "<group>";
		};
		DF030DBC29EAFC7E006E9977 /* Network */ = {
			isa = PBXGroup;
			children = (
				DF030DD229EB0770006E9977 /* Routes */,
				DF030DBD29EAFFDE006E9977 /* RequestFactory.swift */,
				DF030DBF29EAFFFD006E9977 /* ApiClient.swift */,
				DF030DC829EB01D3006E9977 /* NetworkError.swift */,
				DF030DD729EB0F9C006E9977 /* QueryResponse.swift */,
			);
			path = Network;
			sourceTree = "<group>";
		};
		DF030DC129EB00D5006E9977 /* Frameworks */ = {
			isa = PBXGroup;
			children = (
				DF030DC629EB00F8006E9977 /* SVProgressHUD.xcframework */,
				DF030DC229EB00D5006E9977 /* Alamofire.xcframework */,
			);
			name = Frameworks;
			sourceTree = "<group>";
		};
		DF030DCF29EB0321006E9977 /* Models */ = {
			isa = PBXGroup;
			children = (
				DF030DD029EB0336006E9977 /* Product.swift */,
			);
			path = Models;
			sourceTree = "<group>";
		};
		DF030DD229EB0770006E9977 /* Routes */ = {
			isa = PBXGroup;
			children = (
				DF030DD329EB077F006E9977 /* ProductRouter.swift */,
			);
			path = Routes;
			sourceTree = "<group>";
		};
		DF7DEE6529EAF8C100813C32 = {
			isa = PBXGroup;
			children = (
				DF7DEE7029EAF8C100813C32 /* MeliChallenge */,
				DF7DEE8729EAF8C400813C32 /* MeliChallengeTests */,
				DF7DEE9129EAF8C400813C32 /* MeliChallengeUITests */,
				DF7DEE6F29EAF8C100813C32 /* Products */,
				DF030DC129EB00D5006E9977 /* Frameworks */,
			);
			sourceTree = "<group>";
		};
		DF7DEE6F29EAF8C100813C32 /* Products */ = {
			isa = PBXGroup;
			children = (
				DF7DEE6E29EAF8C100813C32 /* MeliChallenge.app */,
				DF7DEE8429EAF8C400813C32 /* MeliChallengeTests.xctest */,
				DF7DEE8E29EAF8C400813C32 /* MeliChallengeUITests.xctest */,
			);
			name = Products;
			sourceTree = "<group>";
		};
		DF7DEE7029EAF8C100813C32 /* MeliChallenge */ = {
			isa = PBXGroup;
			children = (
				DF7DEE7A29EAF8C400813C32 /* Assets.xcassets */,
				DF7DEE7F29EAF8C400813C32 /* Info.plist */,
				DF7DEE7129EAF8C100813C32 /* AppDelegate.swift */,
				DF7DEE7329EAF8C100813C32 /* SceneDelegate.swift */,
				DF030DCD29EB0247006E9977 /* Constants.swift */,
				DF030DBB29EAFC71006E9977 /* User Interface */,
				DF030DB929EAFC5F006E9977 /* Business Logic */,
				DF030DBA29EAFC69006E9977 /* Data Access */,
			);
			path = MeliChallenge;
			sourceTree = "<group>";
		};
		DF7DEE8729EAF8C400813C32 /* MeliChallengeTests */ = {
			isa = PBXGroup;
			children = (
				DF7DEE8829EAF8C400813C32 /* MeliChallengeTests.swift */,
			);
			path = MeliChallengeTests;
			sourceTree = "<group>";
		};
		DF7DEE9129EAF8C400813C32 /* MeliChallengeUITests */ = {
			isa = PBXGroup;
			children = (
				DF7DEE9229EAF8C400813C32 /* MeliChallengeUITests.swift */,
				DF7DEE9429EAF8C400813C32 /* MeliChallengeUITestsLaunchTests.swift */,
			);
			path = MeliChallengeUITests;
			sourceTree = "<group>";
		};
/* End PBXGroup section */

/* Begin PBXNativeTarget section */
		DF7DEE6D29EAF8C100813C32 /* MeliChallenge */ = {
			isa = PBXNativeTarget;
			buildConfigurationList = DF7DEE9829EAF8C400813C32 /* Build configuration list for PBXNativeTarget "MeliChallenge" */;
			buildPhases = (
				DF7DEE6A29EAF8C100813C32 /* Sources */,
				DF7DEE6B29EAF8C100813C32 /* Frameworks */,
				DF7DEE6C29EAF8C100813C32 /* Resources */,
				DF030DC529EB00D5006E9977 /* Embed Frameworks */,
			);
			buildRules = (
			);
			dependencies = (
			);
			name = MeliChallenge;
			productName = MeliChallenge;
			productReference = DF7DEE6E29EAF8C100813C32 /* MeliChallenge.app */;
			productType = "com.apple.product-type.application";
		};
		DF7DEE8329EAF8C400813C32 /* MeliChallengeTests */ = {
			isa = PBXNativeTarget;
			buildConfigurationList = DF7DEE9B29EAF8C400813C32 /* Build configuration list for PBXNativeTarget "MeliChallengeTests" */;
			buildPhases = (
				DF7DEE8029EAF8C400813C32 /* Sources */,
				DF7DEE8129EAF8C400813C32 /* Frameworks */,
				DF7DEE8229EAF8C400813C32 /* Resources */,
			);
			buildRules = (
			);
			dependencies = (
				DF7DEE8629EAF8C400813C32 /* PBXTargetDependency */,
			);
			name = MeliChallengeTests;
			productName = MeliChallengeTests;
			productReference = DF7DEE8429EAF8C400813C32 /* MeliChallengeTests.xctest */;
			productType = "com.apple.product-type.bundle.unit-test";
		};
		DF7DEE8D29EAF8C400813C32 /* MeliChallengeUITests */ = {
			isa = PBXNativeTarget;
			buildConfigurationList = DF7DEE9E29EAF8C400813C32 /* Build configuration list for PBXNativeTarget "MeliChallengeUITests" */;
			buildPhases = (
				DF7DEE8A29EAF8C400813C32 /* Sources */,
				DF7DEE8B29EAF8C400813C32 /* Frameworks */,
				DF7DEE8C29EAF8C400813C32 /* Resources */,
			);
			buildRules = (
			);
			dependencies = (
				DF7DEE9029EAF8C400813C32 /* PBXTargetDependency */,
			);
			name = MeliChallengeUITests;
			productName = MeliChallengeUITests;
			productReference = DF7DEE8E29EAF8C400813C32 /* MeliChallengeUITests.xctest */;
			productType = "com.apple.product-type.bundle.ui-testing";
		};
/* End PBXNativeTarget section */

/* Begin PBXProject section */
		DF7DEE6629EAF8C100813C32 /* Project object */ = {
			isa = PBXProject;
			attributes = {
				BuildIndependentTargetsInParallel = 1;
				LastSwiftUpdateCheck = 1340;
				LastUpgradeCheck = 1340;
				TargetAttributes = {
					DF7DEE6D29EAF8C100813C32 = {
						CreatedOnToolsVersion = 13.4.1;
					};
					DF7DEE8329EAF8C400813C32 = {
						CreatedOnToolsVersion = 13.4.1;
						TestTargetID = DF7DEE6D29EAF8C100813C32;
					};
					DF7DEE8D29EAF8C400813C32 = {
						CreatedOnToolsVersion = 13.4.1;
						TestTargetID = DF7DEE6D29EAF8C100813C32;
					};
				};
			};
			buildConfigurationList = DF7DEE6929EAF8C100813C32 /* Build configuration list for PBXProject "MeliChallenge" */;
			compatibilityVersion = "Xcode 13.0";
			developmentRegion = en;
			hasScannedForEncodings = 0;
			knownRegions = (
				en,
				Base,
			);
			mainGroup = DF7DEE6529EAF8C100813C32;
			productRefGroup = DF7DEE6F29EAF8C100813C32 /* Products */;
			projectDirPath = "";
			projectRoot = "";
			targets = (
				DF7DEE6D29EAF8C100813C32 /* MeliChallenge */,
				DF7DEE8329EAF8C400813C32 /* MeliChallengeTests */,
				DF7DEE8D29EAF8C400813C32 /* MeliChallengeUITests */,
			);
		};
/* End PBXProject section */

/* Begin PBXResourcesBuildPhase section */
		DF7DEE6C29EAF8C100813C32 /* Resources */ = {
			isa = PBXResourcesBuildPhase;
			buildActionMask = 2147483647;
			files = (
				DF7DEE7E29EAF8C400813C32 /* LaunchScreen.storyboard in Resources */,
				DF7DEE7B29EAF8C400813C32 /* Assets.xcassets in Resources */,
				DF7DEE7929EAF8C100813C32 /* Main.storyboard in Resources */,
			);
			runOnlyForDeploymentPostprocessing = 0;
		};
		DF7DEE8229EAF8C400813C32 /* Resources */ = {
			isa = PBXResourcesBuildPhase;
			buildActionMask = 2147483647;
			files = (
			);
			runOnlyForDeploymentPostprocessing = 0;
		};
		DF7DEE8C29EAF8C400813C32 /* Resources */ = {
			isa = PBXResourcesBuildPhase;
			buildActionMask = 2147483647;
			files = (
			);
			runOnlyForDeploymentPostprocessing = 0;
		};
/* End PBXResourcesBuildPhase section */

/* Begin PBXSourcesBuildPhase section */
		DF7DEE6A29EAF8C100813C32 /* Sources */ = {
			isa = PBXSourcesBuildPhase;
			buildActionMask = 2147483647;
			files = (
				DF030DBE29EAFFDE006E9977 /* RequestFactory.swift in Sources */,
				DF030DD629EB09A4006E9977 /* ProductManager.swift in Sources */,
				DF030DD829EB0F9C006E9977 /* QueryResponse.swift in Sources */,
				DF030DD429EB077F006E9977 /* ProductRouter.swift in Sources */,
				DF030DD129EB0336006E9977 /* Product.swift in Sources */,
				DF7DEE7629EAF8C100813C32 /* ViewController.swift in Sources */,
				DF7DEE7229EAF8C100813C32 /* AppDelegate.swift in Sources */,
				DF030DC929EB01D3006E9977 /* NetworkError.swift in Sources */,
				DF7DEE7429EAF8C100813C32 /* SceneDelegate.swift in Sources */,
				DF030DC029EAFFFD006E9977 /* ApiClient.swift in Sources */,
				DF030DCE29EB0247006E9977 /* Constants.swift in Sources */,
			);
			runOnlyForDeploymentPostprocessing = 0;
		};
		DF7DEE8029EAF8C400813C32 /* Sources */ = {
			isa = PBXSourcesBuildPhase;
			buildActionMask = 2147483647;
			files = (
				DF7DEE8929EAF8C400813C32 /* MeliChallengeTests.swift in Sources */,
			);
			runOnlyForDeploymentPostprocessing = 0;
		};
		DF7DEE8A29EAF8C400813C32 /* Sources */ = {
			isa = PBXSourcesBuildPhase;
			buildActionMask = 2147483647;
			files = (
				DF7DEE9329EAF8C400813C32 /* MeliChallengeUITests.swift in Sources */,
				DF7DEE9529EAF8C400813C32 /* MeliChallengeUITestsLaunchTests.swift in Sources */,
			);
			runOnlyForDeploymentPostprocessing = 0;
		};
/* End PBXSourcesBuildPhase section */

/* Begin PBXTargetDependency section */
		DF7DEE8629EAF8C400813C32 /* PBXTargetDependency */ = {
			isa = PBXTargetDependency;
			target = DF7DEE6D29EAF8C100813C32 /* MeliChallenge */;
			targetProxy = DF7DEE8529EAF8C400813C32 /* PBXContainerItemProxy */;
		};
		DF7DEE9029EAF8C400813C32 /* PBXTargetDependency */ = {
			isa = PBXTargetDependency;
			target = DF7DEE6D29EAF8C100813C32 /* MeliChallenge */;
			targetProxy = DF7DEE8F29EAF8C400813C32 /* PBXContainerItemProxy */;
		};
/* End PBXTargetDependency section */

/* Begin PBXVariantGroup section */
		DF7DEE7729EAF8C100813C32 /* Main.storyboard */ = {
			isa = PBXVariantGroup;
			children = (
				DF7DEE7829EAF8C100813C32 /* Base */,
			);
			name = Main.storyboard;
			sourceTree = "<group>";
		};
		DF7DEE7C29EAF8C400813C32 /* LaunchScreen.storyboard */ = {
			isa = PBXVariantGroup;
			children = (
				DF7DEE7D29EAF8C400813C32 /* Base */,
			);
			name = LaunchScreen.storyboard;
			sourceTree = "<group>";
		};
/* End PBXVariantGroup section */

/* Begin XCBuildConfiguration section */
		DF7DEE9629EAF8C400813C32 /* Debug */ = {
			isa = XCBuildConfiguration;
			buildSettings = {
				ALWAYS_SEARCH_USER_PATHS = NO;
				CLANG_ANALYZER_NONNULL = YES;
				CLANG_ANALYZER_NUMBER_OBJECT_CONVERSION = YES_AGGRESSIVE;
				CLANG_CXX_LANGUAGE_STANDARD = "gnu++17";
				CLANG_ENABLE_MODULES = YES;
				CLANG_ENABLE_OBJC_ARC = YES;
				CLANG_ENABLE_OBJC_WEAK = YES;
				CLANG_WARN_BLOCK_CAPTURE_AUTORELEASING = YES;
				CLANG_WARN_BOOL_CONVERSION = YES;
				CLANG_WARN_COMMA = YES;
				CLANG_WARN_CONSTANT_CONVERSION = YES;
				CLANG_WARN_DEPRECATED_OBJC_IMPLEMENTATIONS = YES;
				CLANG_WARN_DIRECT_OBJC_ISA_USAGE = YES_ERROR;
				CLANG_WARN_DOCUMENTATION_COMMENTS = YES;
				CLANG_WARN_EMPTY_BODY = YES;
				CLANG_WARN_ENUM_CONVERSION = YES;
				CLANG_WARN_INFINITE_RECURSION = YES;
				CLANG_WARN_INT_CONVERSION = YES;
				CLANG_WARN_NON_LITERAL_NULL_CONVERSION = YES;
				CLANG_WARN_OBJC_IMPLICIT_RETAIN_SELF = YES;
				CLANG_WARN_OBJC_LITERAL_CONVERSION = YES;
				CLANG_WARN_OBJC_ROOT_CLASS = YES_ERROR;
				CLANG_WARN_QUOTED_INCLUDE_IN_FRAMEWORK_HEADER = YES;
				CLANG_WARN_RANGE_LOOP_ANALYSIS = YES;
				CLANG_WARN_STRICT_PROTOTYPES = YES;
				CLANG_WARN_SUSPICIOUS_MOVE = YES;
				CLANG_WARN_UNGUARDED_AVAILABILITY = YES_AGGRESSIVE;
				CLANG_WARN_UNREACHABLE_CODE = YES;
				CLANG_WARN__DUPLICATE_METHOD_MATCH = YES;
				COPY_PHASE_STRIP = NO;
				DEBUG_INFORMATION_FORMAT = dwarf;
				ENABLE_STRICT_OBJC_MSGSEND = YES;
				ENABLE_TESTABILITY = YES;
				GCC_C_LANGUAGE_STANDARD = gnu11;
				GCC_DYNAMIC_NO_PIC = NO;
				GCC_NO_COMMON_BLOCKS = YES;
				GCC_OPTIMIZATION_LEVEL = 0;
				GCC_PREPROCESSOR_DEFINITIONS = (
					"DEBUG=1",
					"$(inherited)",
				);
				GCC_WARN_64_TO_32_BIT_CONVERSION = YES;
				GCC_WARN_ABOUT_RETURN_TYPE = YES_ERROR;
				GCC_WARN_UNDECLARED_SELECTOR = YES;
				GCC_WARN_UNINITIALIZED_AUTOS = YES_AGGRESSIVE;
				GCC_WARN_UNUSED_FUNCTION = YES;
				GCC_WARN_UNUSED_VARIABLE = YES;
				IPHONEOS_DEPLOYMENT_TARGET = 15.5;
				MTL_ENABLE_DEBUG_INFO = INCLUDE_SOURCE;
				MTL_FAST_MATH = YES;
				ONLY_ACTIVE_ARCH = YES;
				SDKROOT = iphoneos;
				SWIFT_ACTIVE_COMPILATION_CONDITIONS = DEBUG;
				SWIFT_OPTIMIZATION_LEVEL = "-Onone";
			};
			name = Debug;
		};
		DF7DEE9729EAF8C400813C32 /* Release */ = {
			isa = XCBuildConfiguration;
			buildSettings = {
				ALWAYS_SEARCH_USER_PATHS = NO;
				CLANG_ANALYZER_NONNULL = YES;
				CLANG_ANALYZER_NUMBER_OBJECT_CONVERSION = YES_AGGRESSIVE;
				CLANG_CXX_LANGUAGE_STANDARD = "gnu++17";
				CLANG_ENABLE_MODULES = YES;
				CLANG_ENABLE_OBJC_ARC = YES;
				CLANG_ENABLE_OBJC_WEAK = YES;
				CLANG_WARN_BLOCK_CAPTURE_AUTORELEASING = YES;
				CLANG_WARN_BOOL_CONVERSION = YES;
				CLANG_WARN_COMMA = YES;
				CLANG_WARN_CONSTANT_CONVERSION = YES;
				CLANG_WARN_DEPRECATED_OBJC_IMPLEMENTATIONS = YES;
				CLANG_WARN_DIRECT_OBJC_ISA_USAGE = YES_ERROR;
				CLANG_WARN_DOCUMENTATION_COMMENTS = YES;
				CLANG_WARN_EMPTY_BODY = YES;
				CLANG_WARN_ENUM_CONVERSION = YES;
				CLANG_WARN_INFINITE_RECURSION = YES;
				CLANG_WARN_INT_CONVERSION = YES;
				CLANG_WARN_NON_LITERAL_NULL_CONVERSION = YES;
				CLANG_WARN_OBJC_IMPLICIT_RETAIN_SELF = YES;
				CLANG_WARN_OBJC_LITERAL_CONVERSION = YES;
				CLANG_WARN_OBJC_ROOT_CLASS = YES_ERROR;
				CLANG_WARN_QUOTED_INCLUDE_IN_FRAMEWORK_HEADER = YES;
				CLANG_WARN_RANGE_LOOP_ANALYSIS = YES;
				CLANG_WARN_STRICT_PROTOTYPES = YES;
				CLANG_WARN_SUSPICIOUS_MOVE = YES;
				CLANG_WARN_UNGUARDED_AVAILABILITY = YES_AGGRESSIVE;
				CLANG_WARN_UNREACHABLE_CODE = YES;
				CLANG_WARN__DUPLICATE_METHOD_MATCH = YES;
				COPY_PHASE_STRIP = NO;
				DEBUG_INFORMATION_FORMAT = "dwarf-with-dsym";
				ENABLE_NS_ASSERTIONS = NO;
				ENABLE_STRICT_OBJC_MSGSEND = YES;
				GCC_C_LANGUAGE_STANDARD = gnu11;
				GCC_NO_COMMON_BLOCKS = YES;
				GCC_WARN_64_TO_32_BIT_CONVERSION = YES;
				GCC_WARN_ABOUT_RETURN_TYPE = YES_ERROR;
				GCC_WARN_UNDECLARED_SELECTOR = YES;
				GCC_WARN_UNINITIALIZED_AUTOS = YES_AGGRESSIVE;
				GCC_WARN_UNUSED_FUNCTION = YES;
				GCC_WARN_UNUSED_VARIABLE = YES;
				IPHONEOS_DEPLOYMENT_TARGET = 15.5;
				MTL_ENABLE_DEBUG_INFO = NO;
				MTL_FAST_MATH = YES;
				SDKROOT = iphoneos;
				SWIFT_COMPILATION_MODE = wholemodule;
				SWIFT_OPTIMIZATION_LEVEL = "-O";
				VALIDATE_PRODUCT = YES;
			};
			name = Release;
		};
		DF7DEE9929EAF8C400813C32 /* Debug */ = {
			isa = XCBuildConfiguration;
			buildSettings = {
				ASSETCATALOG_COMPILER_APPICON_NAME = AppIcon;
				ASSETCATALOG_COMPILER_GLOBAL_ACCENT_COLOR_NAME = AccentColor;
				CODE_SIGN_STYLE = Automatic;
				CURRENT_PROJECT_VERSION = 1;
				GENERATE_INFOPLIST_FILE = YES;
				INFOPLIST_FILE = MeliChallenge/Info.plist;
				INFOPLIST_KEY_UIApplicationSupportsIndirectInputEvents = YES;
				INFOPLIST_KEY_UILaunchStoryboardName = LaunchScreen;
				INFOPLIST_KEY_UIMainStoryboardFile = Main;
				INFOPLIST_KEY_UISupportedInterfaceOrientations_iPad = "UIInterfaceOrientationPortrait UIInterfaceOrientationPortraitUpsideDown UIInterfaceOrientationLandscapeLeft UIInterfaceOrientationLandscapeRight";
				INFOPLIST_KEY_UISupportedInterfaceOrientations_iPhone = "UIInterfaceOrientationPortrait UIInterfaceOrientationLandscapeLeft UIInterfaceOrientationLandscapeRight";
				LD_RUNPATH_SEARCH_PATHS = (
					"$(inherited)",
					"@executable_path/Frameworks",
				);
				MARKETING_VERSION = 1.0;
				PRODUCT_BUNDLE_IDENTIFIER = sgoycoechea.MeliChallenge;
				PRODUCT_NAME = "$(TARGET_NAME)";
				SWIFT_EMIT_LOC_STRINGS = YES;
				SWIFT_VERSION = 5.0;
				TARGETED_DEVICE_FAMILY = "1,2";
			};
			name = Debug;
		};
		DF7DEE9A29EAF8C400813C32 /* Release */ = {
			isa = XCBuildConfiguration;
			buildSettings = {
				ASSETCATALOG_COMPILER_APPICON_NAME = AppIcon;
				ASSETCATALOG_COMPILER_GLOBAL_ACCENT_COLOR_NAME = AccentColor;
				CODE_SIGN_STYLE = Automatic;
				CURRENT_PROJECT_VERSION = 1;
				GENERATE_INFOPLIST_FILE = YES;
				INFOPLIST_FILE = MeliChallenge/Info.plist;
				INFOPLIST_KEY_UIApplicationSupportsIndirectInputEvents = YES;
				INFOPLIST_KEY_UILaunchStoryboardName = LaunchScreen;
				INFOPLIST_KEY_UIMainStoryboardFile = Main;
				INFOPLIST_KEY_UISupportedInterfaceOrientations_iPad = "UIInterfaceOrientationPortrait UIInterfaceOrientationPortraitUpsideDown UIInterfaceOrientationLandscapeLeft UIInterfaceOrientationLandscapeRight";
				INFOPLIST_KEY_UISupportedInterfaceOrientations_iPhone = "UIInterfaceOrientationPortrait UIInterfaceOrientationLandscapeLeft UIInterfaceOrientationLandscapeRight";
				LD_RUNPATH_SEARCH_PATHS = (
					"$(inherited)",
					"@executable_path/Frameworks",
				);
				MARKETING_VERSION = 1.0;
				PRODUCT_BUNDLE_IDENTIFIER = sgoycoechea.MeliChallenge;
				PRODUCT_NAME = "$(TARGET_NAME)";
				SWIFT_EMIT_LOC_STRINGS = YES;
				SWIFT_VERSION = 5.0;
				TARGETED_DEVICE_FAMILY = "1,2";
			};
			name = Release;
		};
		DF7DEE9C29EAF8C400813C32 /* Debug */ = {
			isa = XCBuildConfiguration;
			buildSettings = {
				ALWAYS_EMBED_SWIFT_STANDARD_LIBRARIES = YES;
				BUNDLE_LOADER = "$(TEST_HOST)";
				CODE_SIGN_STYLE = Automatic;
				CURRENT_PROJECT_VERSION = 1;
				GENERATE_INFOPLIST_FILE = YES;
				IPHONEOS_DEPLOYMENT_TARGET = 15.5;
				MARKETING_VERSION = 1.0;
				PRODUCT_BUNDLE_IDENTIFIER = sgoycoechea.MeliChallengeTests;
				PRODUCT_NAME = "$(TARGET_NAME)";
				SWIFT_EMIT_LOC_STRINGS = NO;
				SWIFT_VERSION = 5.0;
				TARGETED_DEVICE_FAMILY = "1,2";
				TEST_HOST = "$(BUILT_PRODUCTS_DIR)/MeliChallenge.app/MeliChallenge";
			};
			name = Debug;
		};
		DF7DEE9D29EAF8C400813C32 /* Release */ = {
			isa = XCBuildConfiguration;
			buildSettings = {
				ALWAYS_EMBED_SWIFT_STANDARD_LIBRARIES = YES;
				BUNDLE_LOADER = "$(TEST_HOST)";
				CODE_SIGN_STYLE = Automatic;
				CURRENT_PROJECT_VERSION = 1;
				GENERATE_INFOPLIST_FILE = YES;
				IPHONEOS_DEPLOYMENT_TARGET = 15.5;
				MARKETING_VERSION = 1.0;
				PRODUCT_BUNDLE_IDENTIFIER = sgoycoechea.MeliChallengeTests;
				PRODUCT_NAME = "$(TARGET_NAME)";
				SWIFT_EMIT_LOC_STRINGS = NO;
				SWIFT_VERSION = 5.0;
				TARGETED_DEVICE_FAMILY = "1,2";
				TEST_HOST = "$(BUILT_PRODUCTS_DIR)/MeliChallenge.app/MeliChallenge";
			};
			name = Release;
		};
		DF7DEE9F29EAF8C400813C32 /* Debug */ = {
			isa = XCBuildConfiguration;
			buildSettings = {
				ALWAYS_EMBED_SWIFT_STANDARD_LIBRARIES = YES;
				CODE_SIGN_STYLE = Automatic;
				CURRENT_PROJECT_VERSION = 1;
				GENERATE_INFOPLIST_FILE = YES;
				MARKETING_VERSION = 1.0;
				PRODUCT_BUNDLE_IDENTIFIER = sgoycoechea.MeliChallengeUITests;
				PRODUCT_NAME = "$(TARGET_NAME)";
				SWIFT_EMIT_LOC_STRINGS = NO;
				SWIFT_VERSION = 5.0;
				TARGETED_DEVICE_FAMILY = "1,2";
				TEST_TARGET_NAME = MeliChallenge;
			};
			name = Debug;
		};
		DF7DEEA029EAF8C400813C32 /* Release */ = {
			isa = XCBuildConfiguration;
			buildSettings = {
				ALWAYS_EMBED_SWIFT_STANDARD_LIBRARIES = YES;
				CODE_SIGN_STYLE = Automatic;
				CURRENT_PROJECT_VERSION = 1;
				GENERATE_INFOPLIST_FILE = YES;
				MARKETING_VERSION = 1.0;
				PRODUCT_BUNDLE_IDENTIFIER = sgoycoechea.MeliChallengeUITests;
				PRODUCT_NAME = "$(TARGET_NAME)";
				SWIFT_EMIT_LOC_STRINGS = NO;
				SWIFT_VERSION = 5.0;
				TARGETED_DEVICE_FAMILY = "1,2";
				TEST_TARGET_NAME = MeliChallenge;
			};
			name = Release;
		};
/* End XCBuildConfiguration section */

/* Begin XCConfigurationList section */
		DF7DEE6929EAF8C100813C32 /* Build configuration list for PBXProject "MeliChallenge" */ = {
			isa = XCConfigurationList;
			buildConfigurations = (
				DF7DEE9629EAF8C400813C32 /* Debug */,
				DF7DEE9729EAF8C400813C32 /* Release */,
			);
			defaultConfigurationIsVisible = 0;
			defaultConfigurationName = Release;
		};
		DF7DEE9829EAF8C400813C32 /* Build configuration list for PBXNativeTarget "MeliChallenge" */ = {
			isa = XCConfigurationList;
			buildConfigurations = (
				DF7DEE9929EAF8C400813C32 /* Debug */,
				DF7DEE9A29EAF8C400813C32 /* Release */,
			);
			defaultConfigurationIsVisible = 0;
			defaultConfigurationName = Release;
		};
		DF7DEE9B29EAF8C400813C32 /* Build configuration list for PBXNativeTarget "MeliChallengeTests" */ = {
			isa = XCConfigurationList;
			buildConfigurations = (
				DF7DEE9C29EAF8C400813C32 /* Debug */,
				DF7DEE9D29EAF8C400813C32 /* Release */,
			);
			defaultConfigurationIsVisible = 0;
			defaultConfigurationName = Release;
		};
		DF7DEE9E29EAF8C400813C32 /* Build configuration list for PBXNativeTarget "MeliChallengeUITests" */ = {
			isa = XCConfigurationList;
			buildConfigurations = (
				DF7DEE9F29EAF8C400813C32 /* Debug */,
				DF7DEEA029EAF8C400813C32 /* Release */,
			);
			defaultConfigurationIsVisible = 0;
			defaultConfigurationName = Release;
		};
/* End XCConfigurationList section */
	};
	rootObject = DF7DEE6629EAF8C100813C32 /* Project object */;
}
